@grove 1
# AUTO-GENERATED. Do not edit. Use `grove` CLI.
# checksum: sha256:64857890c67d64153b2f55a5cb199d5c14e917e4214ca3cbe79cfcdfa8c3d711
g G-01 status=partial fitness_kind=count t_created=2026-09-18T19:23:27Z t_updated=2026-09-18T20:01:55Z "Content pipeline runs on Astro with rendering parity"
  area: A-01
  fitness_target: 3
  fitness_current: 1

g G-02 status=unverified fitness_kind=count t_created=2026-09-18T19:23:27Z t_updated=2026-09-18T19:23:27Z "All public routes keep their Gatsby URL shapes on Astro"
  area: A-02
  fitness_target: 2

g G-03 status=verified fitness_kind=count t_created=2026-09-18T19:23:27Z t_updated=2026-09-18T20:11:51Z "Interface and theming match the current site on Astro"
  area: A-03
  fitness_target: 2
  fitness_current: 2

g G-04 status=unverified fitness_kind=count t_created=2026-09-18T19:23:27Z t_updated=2026-09-18T19:23:27Z "Site services are restored (feed, sitemap, manifest, analytics, error tracking)"
  area: A-04
  fitness_target: 2

g G-05 status=unverified fitness_kind=count t_created=2026-09-18T19:23:27Z t_updated=2026-09-18T19:23:27Z "Delivery pipeline runs on Astro (tests, parity verification, cleanup)"
  area: A-05
  fitness_target: 3
  fitness_current: 0

w W-01 type=spike status=done cynefin=complex t_created=2026-09-18T19:25:47Z t_updated=2026-09-18T19:50:58Z "Verify Astro 7 baseline on Bun (scaffold, content probe, dev and build)"
  goals: G-01, G-05
  fitness: G-01=+0, G-05=+0
  surface: astro.config.ts, package.json, src/env.d.ts, src/pages/index.astro, .gitignore, bun.lockb
  ac:
    | Scaffold exists on the branch: astro.config.ts, package.json pinned to astro 7.x and a placeholder src/pages/index.astro.
    | bun install, astro dev and astro build all complete with output static.
  exit:
    | A glob content collection with the lumen frontmatter schema loads the existing content directory, informing B-01.
    | sass compiles main.scss and Shiki renders a code block, informing B-04 and D-04.
    | paginate() with a custom path emits /page/N routes, informing B-05.
    | The spike closes with at least one produced D, Q or B record per I2.
  evidence_strategy:
    | Command transcripts of bun install, astro dev and astro build; astro --version output; links to the produced records.
  evidence:
    | bun add astro@^7: installed astro 7.3.3 with 1875 packages in 65.54s; bunx astro --version: v7.3.3.
    | Content probe: 5 posts and 2 pages loaded with the full zod schema; image() arrives through the schema context function and z imports from astro/zod because the astro:content z export is deprecated for removal in Astro 8.
    | Markdown and styles probe: code fence rendered by Shiki (astro-code github-dark); main.scss compiled with emitted CSS carrying both palettes.
    | Pagination probe: paginate() emitted /page/, /page/2/, /page/3/; manual getStaticPaths emitted /category/sample/, /category/sample/page/2/, /category/sample/page/3/ (see B-05 and B-06).
    | astro dev on port 4321 returned HTTP 200 on /, /probe/ and /page/2/ with collections live; server stopped after the check.
    | bun test: 99 pass, 4 fail, 315 expect calls; identical 99/4 result on a stashed clean tree, so every failure pre-exists on main and is unrelated to the scaffold.
    | Clean scaffold rebuild green: 1 page built; probe files and probe-content/ removed before commit.
    | Exit criteria closed: B-01 validated, B-04 validated, B-05 invalidated_acceptable with a working alternative, B-06 produced and validated.

w W-02 type=feature status=done cynefin=complicated t_created=2026-09-18T19:25:59Z t_updated=2026-09-18T20:02:22Z "Port content to Astro content collections (posts, pages, site config)"
  goals: G-01
  fitness: G-01=+1
  surface: content/, src/content.config.ts, internal/gatsby/on-create-node.ts, src/content.config.ts, src/utils/get-slug.ts, src/utils/get-slug.test.ts, src/utils/get-site-metadata.ts, src/utils/to-kebab-case.ts
  ac:
    | A content config defines posts and pages collections with a glob loader over content/ and a zod schema covering every frontmatter field.
    | Slug resolution matches Gatsby: the frontmatter slug wins, otherwise the directory-based path applies.
    | All 5 posts and 2 pages load without schema errors and a temporary invalid frontmatter fails the build.
    | tagSlugs and categorySlug derive through toKebabCase exactly as in on-create-node.
  hypothesis:
    | The content layer glob loader plus zod covers the lumen frontmatter shape, so sourcing moves off GraphQL without editing any content file.
  evidence_strategy:
    | Build log showing both collections loaded; a failing-build transcript with bad frontmatter; unit checks on slug derivation.
  evidence:
    | Collections live in src/content.config.ts: posts and pages glob loaders over content/ with full zod schemas (posts incl. draft, category, tags; pages without category or tags); z from astro/zod, image() from the schema context.
    | Slug parity: the glob loader honours the frontmatter slug as entry id (verified: posts ids are /posts/a-brief-history-of-typography style), so the Gatsby rule of frontmatter-slug-wins holds by construction; src/utils/get-slug.ts adds the /posts or /pages prefix only for directory derived ids; get-slug.test.ts 3 pass.
    | Invalid frontmatter fails the build: date not-a-date in one post produced InvalidContentEntryDataError naming posts and the entry id, exit code 9; reverted and rebuilt green afterwards.
    | Site config stays in content/config.json and is exposed typed through src/utils/get-site-metadata.ts (title, url, description, copyright, feedLimit, menu, author with contacts, googleAnalyticsId, pathPrefix).
    | bun test full suite: 109 pass, 4 fail (the pre-existing years failures only); bun run build:astro green with both collections synced.
    | Tag and category slugs derive through toKebabCase exactly as in on-create-node: getTagSlugs (trailing slash form /tag/kebab/) and getCategorySlug (/category/kebab); get-slug.test.ts now 5 pass.

w W-03 type=feature status=done cynefin=complicated t_created=2026-09-18T19:26:00Z t_updated=2026-09-18T19:58:09Z "Port global styles and theme switching (SCSS pipeline, palettes, no-FOUC script)"
  goals: G-03
  fitness: G-03=+1
  surface: src/assets/styles, internal/gatsby/on-render-body.ts, src/hooks/use-theme.ts, src/utils/theme.ts, src/utils/theme.test.ts, src/islands/base-layout.astro, src/islands/theme-toggle.astro, src/pages/index.astro
  ac:
    | main.scss with all partials compiles under the Vite sass pipeline and the emitted CSS custom properties match the Gatsby build.
    | An inline pre-body script sets the html class from localStorage or the media query before first paint.
    | The theme toggle persists the choice and swaps the palette with no framework runtime in the bundle.
  hypothesis:
    | The theme system is pure CSS variables plus one class on html, so it ports with import-path fixes only.
  evidence_strategy:
    | CSS variable diff between builds; toggle and reload check; screenshots in both modes.
  evidence:
    | CSS custom property diff between builds is empty: 26 of 26 identical declarations, Gatsby public/styles.09cc1209a4dfbc3a3005.css versus Astro dist/_astro/index.ig__stEl.css.
    | No-FOUC script ported from internal/gatsby/on-render-body.ts into islands/base-layout.astro head with the storage key injected from src/utils/theme.ts (is:inline, runs before first paint; html lang=en kept).
    | Theme toggle ships as a vanilla inlined module: built page contains the full toggle logic (storage key diesel:theme-atom, JSON mode shape, html class swap, click wiring) with zero react or diesel imports; src/utils/theme.test.ts 7 pass.
    | Storage compatibility confirmed from diesel-extensions bundle: useCoilPersistedState writes JSON under diesel: plus toKebabCase(atom key), so the port keeps the exact key diesel:theme-atom and value shape.
    | Found and resolved an output collision: Gatsby and Astro both claimed public/, so astro.config.ts now sets publicDir static and outDir stays dist.
    | bun test: 106 pass, 4 fail (the pre-existing years failures only; 7 new theme tests green).

w W-04 type=feature status=done cynefin=complicated t_created=2026-09-18T19:26:11Z t_updated=2026-09-18T20:11:51Z "Port UI components to flat Astro islands (sidebar, feed, post, pagination, icons)"
  goals: G-03
  fitness: G-03=+1
  surface: src/islands, src/islands, src/assets/styles/modules, tsconfig.json, astro.config.ts
  ac:
    | Markup structure and class names match the current React output so the ported SCSS applies unchanged.
    | No react, react-dom or diesel import remains anywhere under src/.
    | The islands and pages import no react, react-dom or diesel module; the src-wide removal of the legacy React tree lands in W-13 so the Gatsby parity build stays available until W-12.
    | The ported tree follows the agreed layout (pages, islands, assets/styles with modules, constants, utils, content, content.config.ts); src/components stays frozen as legacy until W-13.
  hypothesis:
    | Every component except ThemeSwitcher renders statically, so a mechanical port to .astro templates preserves the DOM.
  evidence_strategy:
    | Side-by-side HTML samples from the Gatsby and Astro builds; grep proving no React imports.
  evidence:
    | 18 islands live in src/islands (17 ported here plus theme-toggle from W-03); base-layout now renders the Meta island in head.
    | CSS modules moved once via git mv into src/assets/styles/modules (17 files) and React imports updated to the @/assets alias; the Gatsby build stays green (needs GATSBY_CPU_COUNT=4 on this machine because WMIC is missing on Windows 11).
    | vite css.modules.localsConvention camelCase mirrors webpack css-loader exports: styles.sidebarAuthor resolves to _sidebar-author_1cf0u_1 exactly like the React side resolved to sidebar-author-module--sidebar-author--f2c33.
    | Throwaway showcase page rendered every island with real collection data then was removed; entry.rendered.html is available on content layer entries (2053 chars for the sample post), confirming the html-string design of post-content and the future RSS feed.
    | Logical class diff against the Gatsby index and post builds: zero Astro-only classes; the only gatsby-only classes are markdown pipeline ones (anchor, before, gatsby-resp-image) and the active menu state, owned by W-07, W-08 and page assembly.
    | bun test: 111 pass, 4 fail (the pre-existing years failures); bun run build:astro green on the clean tree.

w W-05 type=feature status=ready cynefin=complicated t_created=2026-09-18T19:26:12Z t_updated=2026-09-18T20:11:52Z "Port core templates with URL parity (index, post, page, 404, meta)"
  goals: G-02
  fitness: G-02=+1
  surface: src/templates, internal/gatsby/constants, src/pages
  ac:
    | Routes /, post slugs, page slugs and /404 render from .astro pages backed by collection data.
    | Per-template meta tags match the current Head output (title, description, twitter and og fields, social image).
    | URL shapes follow the parity level confirmed in Q-01 and D-06.
    | Every page emits a canonical link tag with the absolute page URL ending in a trailing slash.
  hypothesis:
    | Gatsby templates map one-to-one onto .astro pages with frontmatter-derived routes.
  evidence_strategy:
    | HTML comparison against the Gatsby build over the sample content.

w W-06 type=feature status=ready cynefin=complicated t_created=2026-09-18T19:26:24Z t_updated=2026-09-18T20:01:55Z "Port taxonomy listings with pagination (categories, tags, years, /page/N)"
  goals: G-02
  fitness: G-02=+1
  surface: src/templates, internal/gatsby/create-pages.ts
  ac:
    | /categories, /tags, /years plus /category/:slug, /tag/:slug and /year/:yyyy with pagination all render.
    | Pagination limits follow feedLimit from content/config.json and the emitted page paths match the Gatsby set.
    | Group ordering and kebab-case slugs match the Gatsby output.
  hypothesis:
    | paginate() with custom path functions reproduces the createPages URL set exactly.
  evidence_strategy:
    | Route list diff against the Gatsby build; snapshot checks on listing pages.

w W-07 type=feature status=ready cynefin=complicated t_created=2026-09-18T19:26:25Z t_updated=2026-09-18T20:01:56Z "Reach markdown rendering parity (autolinks, smartypants, external links, copy files, iframes, code highlighting)"
  goals: G-01
  fitness: G-01=+1
  surface: gatsby-config.ts, content/posts
  ac:
    | Autolinked headers, smartypants typography, external link attributes, copied linked files and responsive iframes behave as under the current remark plugins.
    | Code blocks render through Shiki with the ported palette in both themes.
    | Rendered HTML for every sample post matches the current output modulo differences accepted in evidence.
  hypothesis:
    | Each current remark plugin maps onto a standard remark or rehype plugin in the Astro markdown pipeline.
  evidence_strategy:
    | HTML diffs per sample post; visual check of a code-heavy and a media-heavy post.

w W-08 type=feature status=ready cynefin=complicated t_created=2026-09-18T19:26:35Z t_updated=2026-09-18T20:01:56Z "Port the image pipeline to astro:assets (webp, responsive sizes, social images)"
  goals: G-01
  fitness: G-01=+1
  surface: src/components/image, content
  ac:
    | Post and page images process through astro:assets with webp output and responsive widths up to 960px.
    | socialImage frontmatter resolves per post and feeds the meta tags.
    | logo.png and the author photo serve through the new pipeline.
  hypothesis:
    | astro:assets with the default sharp service replaces gatsby-plugin-sharp and gatsby-plugin-image without heavy configuration.
  evidence_strategy:
    | Build artifacts listing generated formats and sizes; img markup comparison.

w W-09 type=feature status=ready cynefin=clear t_created=2026-09-18T19:26:36Z t_updated=2026-09-18T20:01:56Z "Restore site services (rss.xml, sitemap, manifest)"
  goals: G-04
  fitness: G-04=+1
  surface: gatsby-config.ts, src/pages
  ac:
    | C:/Program Files/Git/rss.xml matches the current feed entries (limit, ordering, content encoded body, guid) within the accepted diff.
    | The sitemap generates with the same URL set including exclusions for 404 pages.
    | The web manifest declares the same name, colors, icon and display mode.
  hypothesis:
    | Official Astro integrations for rss and sitemap plus a small manifest route cover all three services.
  evidence_strategy:
    | Feed validation, sitemap URL diff and a manifest field comparison.

w W-10 type=feature status=proposed cynefin=clear t_created=2026-09-18T19:26:45Z t_updated=2026-09-18T19:40:38Z "Restore analytics and error tracking (gtag, Sentry)"
  goals: G-04
  fitness: G-04=+1
  surface: gatsby-config.ts, sentry.config.ts
  ac:
    | Sentry wires through the official Astro integration and keeps browser tracking and replay with the current sampling rates.
    | Google Analytics loads as a plain gtag script island in the head with the current tracking id.
    | A Sentry test event from the preview build reaches the project.
  hypothesis:
    | The official Sentry Astro integration plus a plain gtag island reproduce the current wiring on a fully static build.
  evidence_strategy:
    | Built HTML contains the expected snippets; a Sentry test event from the preview build.

w W-11 type=feature status=proposed cynefin=complicated t_created=2026-09-18T19:26:46Z t_updated=2026-09-18T19:53:20Z "Reduce the test suite to logic tests on bun test (drop React snapshots)"
  goals: G-05
  fitness: G-05=+1
  surface: internal/testing, src/utils
  ac:
    | All React component tests, snapshot files and their dev dependencies are removed.
    | Logic tests for utils and slug and taxonomy derivation run green on bun test.
    | CI runs bun test plus the W-12 parity gate and no snapshot files remain in the tree.
  hypothesis:
    | bun test keeps covering pure logic while the W-12 parity gate covers the .astro layer, so dropping the component suite loses no real coverage.
  evidence_strategy:
    | Test runner output green locally and in CI.
  plan:
    | The 4 pre-existing failures on main around the years templates stay out of scope per user direction (2026-09-18); they disappear together with the React suite.

w W-12 type=feature status=proposed cynefin=complicated t_created=2026-09-18T19:26:58Z t_updated=2026-09-18T19:58:09Z "Verify parity against the Gatsby build (routes, HTML, screenshots)"
  goals: G-05
  fitness: G-05=+1
  surface: internal/scripts
  ac:
    | A comparison script diffs the URL list of both builds and reports zero unexplained differences.
    | Screenshots of key pages in both themes show differences limited to the accepted list.
    | The parity report is committed as evidence and referenced from the goals.
  hypothesis:
    | Automated route and visual diffs catch migration regressions earlier than review.
  evidence_strategy:
    | Script outputs and screenshot artifacts attached to the work item.
  plan:
    | Build outputs coexist on the branch: Gatsby writes public/ while Astro writes dist/ with static/ as publicDir (set in W-03); parity scripts read both roots.

w W-13 type=refactor status=proposed cynefin=clear t_created=2026-09-18T19:26:59Z t_updated=2026-09-18T20:11:51Z "Remove Gatsby and close out tooling (deps, scripts, CI, docs)"
  goals: G-05
  theme: T-01
  fitness: G-05=+1
  surface: package.json, .github, README.md, internal
  ac:
    | No gatsby-scoped dependency remains and package.json holds only Astro-stack packages.
    | Scripts, tsconfig path aliases and CI workflows run the Astro commands and pass.
    | README quick start and description reflect Astro.
    | No React-related dependency remains (react, react-dom, @testing-library/react, react-test-renderer, @alxshelepenok/diesel, @alxshelepenok/diesel-extensions).
    | The semantic-release pipeline and its configuration remain unchanged.
  hypothesis:
    | After parity verification the Gatsby layer is dead code whose removal is behaviour-neutral.
  evidence_strategy:
    | Dependency grep; a green CI run on the branch; build and test transcripts.
  plan:
    | Delete the frozen legacy tree: src/components, src/templates, src/hooks, gatsby-browser.ts, gatsby-config.ts, gatsby-node.ts, gatsby-ssr.ts, internal/gatsby, sentry.config.ts gatsby import, render-with-coil-provider util; module styles already live under src/assets/styles/modules.

d D-01 status=accepted t_created=2026-09-18T19:23:55Z t_updated=2026-09-18T19:28:18Z "Migrate to Astro 7"
  context:
    | Gatsby 5 is in maintenance mode while Astro 7 is the current stable major as of September 2026; the user directed the migration.
  options:
    | Stay on Gatsby 5.
    | Migrate to Astro latest major (7.x).
    | Migrate to another SSG (Next.js, SvelteKit).
  decision:
    | Migrate lumen to Astro 7 on branch feature/astro-migration, merged to main once goals verify.
  consequences:
    | Sourcing, routing and templating are rewritten; the build moves from Gatsby and webpack to Vite; React leaves the runtime if D-02 is accepted.
  validation:
    | G-01 through G-05 verified; W-12 parity report empty of differences.

d D-02 status=accepted t_created=2026-09-18T19:24:06Z t_updated=2026-09-18T19:34:40Z "Native Astro components without React runtime"
  context:
    | Only ThemeSwitcher is interactive; every other component renders statically, so React 18 plus the diesel state layer would ship as island overhead.
  options:
    | Keep React via the @astrojs/react integration.
    | Rewrite all components as native .astro with a vanilla theme script.
    | Hybrid: static .astro plus one React island for the theme toggle.
  decision:
    | Rewrite every component as native .astro; theme toggling runs as a small inline script per D-03; no React island ships.
  consequences:
    | React, react-dom, @testing-library/react and react-test-renderer leave the dependency tree; component testing is re-planned under Q-02; CSS Modules become Astro scoped styles or stay as .module.scss imports where practical.
  validation:
    | W-04 done; the client bundle contains no framework runtime.

d D-03 status=accepted t_created=2026-09-18T19:24:07Z t_updated=2026-09-18T19:34:40Z "Vanilla theme state replaces diesel"
  context:
    | Theme is the only client state: light or dark mode persisted in localStorage and mirrored onto the html class by the inline no-FOUC script in internal/gatsby/on-render-body.ts.
  options:
    | Keep @alxshelepenok/diesel inside a React island.
    | Plain localStorage plus an inline script.
    | CSS-only media query without persistence.
  decision:
    | Use a plain localStorage key plus the existing inline script pattern; drop @alxshelepenok/diesel and @alxshelepenok/diesel-extensions.
  consequences:
    | The use-theme hook and CoilProvider wrapper are removed; the storage key stays compatible so returning visitors keep their choice.
  validation:
    | W-03 done; toggle works and reload shows no flash of the wrong theme.

d D-04 status=proposed t_created=2026-09-18T19:24:18Z t_updated=2026-09-18T19:28:18Z "Shiki replaces PrismJS for code highlighting"
  context:
    | Astro integrates Shiki into markdown rendering out of the box while PrismJS currently drives the token classes in src/assets/styles/base/_prism.scss.
  options:
    | Keep PrismJS via rehype-prism-plus.
    | Switch to Shiki with light and dark themes mapped to the existing CSS variables.
  decision:
    | Use Shiki; port the _prism.scss palette onto Shiki theme variables for both color modes.
  consequences:
    | prismjs and gatsby-remark-prismjs leave the tree; code block markup changes class names and the styles move to Shiki CSS custom properties.
  validation:
    | W-07 done; code samples render with parity in both themes.

d D-05 status=accepted t_created=2026-09-18T19:24:19Z t_updated=2026-09-18T19:50:37Z "Content collections replace GraphQL sourcing"
  context:
    | Gatsby sources content through gatsby-source-filesystem and gatsby-transformer-remark queried via GraphQL; the Astro content layer loads markdown with glob loaders and zod schemas.
  options:
    | Astro content collections with a glob loader and zod schema.
    | Custom markdown handling in an Astro integration.
    | Migrate content to MDX.
  decision:
    | Define posts and pages collections in a content config with a zod schema covering the full frontmatter (title, date, template, draft, slug, category, tags, description, socialImage).
  consequences:
    | GraphQL queries, internal/gatsby/queries and the on-create-node slug logic are rewritten as collection transforms; content/config.json stays the single site metadata source.
  validation:
    | W-02 done; the schema rejects invalid frontmatter at build time.

d D-06 status=accepted t_created=2026-09-18T19:24:32Z t_updated=2026-09-18T19:34:40Z "URL parity including page pagination paths"
  context:
    | Gatsby emits /page/2 style pagination paths from createPages while Astro paginate() defaults to /2 unless paths are customised.
  options:
    | Strict parity with /page/N via custom paginate paths.
    | Accept Astro default /N shapes.
    | New shapes plus redirect rules.
  decision:
    | Generate the exact Gatsby URL set: /, /page/N, /category/:slug plus pagination, /tag/:slug plus pagination, /year/:yyyy plus pagination, /categories, /tags, /years, /404 and the post and page slugs.
    | Additionally every page emits a canonical link tag whose absolute URL ends with a trailing slash; the Astro trailingSlash behaviour is confirmed while building W-05 and W-06.
  consequences:
    | paginate() receives custom path functions; the strictness level is confirmed under Q-01 before W-05 and W-06 start.
  validation:
    | W-12 route diff between the Gatsby and Astro builds is empty.

d D-07 status=accepted t_created=2026-09-18T19:24:33Z t_updated=2026-09-18T19:50:37Z "Static output only"
  context:
    | lumen is a fully static blog with no server rendering; the Gatsby build is equivalent to a purely static output.
  options:
    | output static.
    | output server with an adapter.
    | Hybrid prerender.
  decision:
    | astro.config sets output static with no adapter; every page prerenders.
  consequences:
    | No server runtime in deployment; interactive behaviour is limited to inline scripts.
  validation:
    | W-01 scaffold builds fully static; dist contains only static assets.

d D-08 status=accepted t_created=2026-09-18T19:24:34Z t_updated=2026-09-18T19:50:37Z "Bun stays the package manager and script runner"
  context:
    | The repository uses Bun for install, scripts and bun test; the Astro Vite toolchain is package-manager agnostic.
  options:
    | Keep Bun.
    | Move to pnpm plus vitest.
    | Move to npm.
  decision:
    | Keep Bun for install, run and test; compatibility with Astro 7 is proven by the W-01 spike under assumption B-02.
  consequences:
    | bun.lockb stays; scripts rename from gatsby develop and gatsby build to astro dev and astro build; test runner continuity depends on Q-02.
  validation:
    | W-01 evidence: clean bun install, astro dev, astro build and bun test on the scaffold.

d D-09 status=accepted t_created=2026-09-18T19:34:40Z t_updated=2026-09-18T19:34:41Z "Semantic versioning pipeline stays unchanged"
  context:
    | The repository releases through semantic-release with conventional commits on merge to main; the Astro migration is a breaking change for starter consumers.
  options:
    | Keep semantic-release untouched.
    | Move to manual versioning.
    | Switch release tooling.
  decision:
    | Keep semantic-release and the conventional commit conventions exactly as they are; merging major/astro into main cuts the next major version through the usual breaking-change commit.
  consequences:
    | The release workflow stays untouched; commit messages on the branch must keep following the conventional commits preset.
  validation:
    | release.yml unchanged after W-13; the next release from main is a major bump.

d D-10 status=accepted t_created=2026-09-18T19:40:19Z t_updated=2026-09-18T19:40:27Z "Flat islands directory replaces the components tree"
  context:
    | The agreed house layout for Astro projects keeps src flat: pages, islands, assets/styles, constants, utils and content with content.config.ts; there is no components directory and islands here means flat kebab-case .astro partials, not framework islands.
  options:
    | Keep per-component directories under src/components.
    | Flat kebab-case .astro files under src/islands.
  decision:
    | Every .astro partial lives as a flat kebab-case file under src/islands; routes live under src/pages; styles under src/assets/styles; shared constants, utils and the content config sit at the src root.
  consequences:
    | The current src/components tree dissolves into src/islands, path aliases in tsconfig update accordingly and layout, meta and theme logic become islands like any other partial.
  validation:
    | W-04 done; the final src tree matches the layout with no components directory.

q Q-01 status=answered cynefin=complicated t_created=2026-09-18T19:27:12Z t_updated=2026-09-18T19:34:48Z "How strict must URL parity be?"
  why:
    | Astro paginate() can emit the exact Gatsby paths (/page/N) at the cost of custom path functions; relaxed shapes simplify routing but break inbound links unless redirects are added.
  exit:
    | The user confirms one of: exact parity, parity per D-06 with a written exception list, or new shapes plus redirects.
  outcome:
    | Strict parity per D-06: the exact current URL shapes stay and every page additionally emits a canonical link tag ending with a trailing slash; the Astro trailingSlash behaviour is confirmed in W-05 and W-06.

q Q-02 status=answered cynefin=complicated t_created=2026-09-18T19:27:13Z t_updated=2026-09-18T19:34:48Z "Which test strategy replaces the React component tests?"
  why:
    | D-02 removes React, so @testing-library/react, react-test-renderer and the snapshot suite lose their subject; Astro offers an experimental container API usually paired with vitest, while pure logic can stay on bun test.
  exit:
    | The user picks one of: container API tests for .astro components, logic tests only plus the W-12 parity gate, or both.
  outcome:
    | React component tests and snapshots are deleted together with the React layer; bun test keeps covering pure logic (utils, slug and taxonomy derivation) and the W-12 parity gate covers the UI.

q Q-03 status=answered cynefin=clear t_created=2026-09-18T19:27:13Z t_updated=2026-09-18T19:40:26Z "Which third-party services stay (Google Analytics, Sentry)?"
  why:
    | The current build wires gtag with a live tracking id and Sentry browser tracking with a DSN from the environment; both need explicit consent to carry over.
  exit:
    | The user names the services to keep and any constraints (self-hosted, Partytown, sampling rates).
  outcome:
    | Both services stay: Sentry wires through the official Astro integration (validated by B-03) keeping browser tracking and replay with the current sampling rates; Google Analytics loads as a plain gtag script emitted from a small island in the head, with the current tracking id.

b B-01 status=validated cynefin=complicated t_created=2026-09-18T19:27:23Z t_updated=2026-09-18T19:50:16Z "Astro 7 content collections cover the lumen frontmatter"
  vm:
    | Probe in the W-01 scaffold: glob loader plus zod schema loads all 5 posts and 2 pages with socialImage resolved.
  threshold:
    | Zero schema errors on the full content set.
  result:
    | Probe: glob loader over content/posts and content/pages with the full zod schema including socialImage through the image() context helper; 5 posts and 2 pages synced with zero schema errors; socialImage resolved to /_astro/image.C4OIFzzc.jpg.

b B-02 status=validated cynefin=complicated t_created=2026-09-18T19:27:56Z t_updated=2026-09-18T19:50:16Z "Bun drives the Astro 7 toolchain"
  vm:
    | Run bun install, astro dev, astro build and bun test on the scaffold.
  threshold:
    | All four commands complete with no workarounds.
  result:
    | bun install (1875 packages), astro dev (HTTP 200), astro build (green) and bun test (99 pass, 4 pre-existing failures identical on a stashed clean tree) all completed without workarounds.

b B-03 status=proposed cynefin=complicated t_created=2026-09-18T19:27:57Z t_updated=2026-09-18T19:27:57Z "The Sentry Astro SDK supports Astro 7"
  vm:
    | Check the @sentry/astro peer range against astro 7.x and install it on the branch.
  threshold:
    | Installs cleanly and reports a test event.

b B-04 status=validated cynefin=complicated t_created=2026-09-18T19:27:57Z t_updated=2026-09-18T20:12:16Z "Existing SCSS compiles under Vite with minimal changes"
  vm:
    | Compile main.scss in the W-01 scaffold and diff the emitted CSS custom properties.
  threshold:
    | No errors beyond import-path fixes and identical computed CSS custom properties.
  result:
    | main.scss compiled under Vite sass with no changes and the emitted CSS carries both palettes; spot check passed (--color-accent light 240 6% 96%, dark 240 4% 17%); full custom property diff stays with W-03.

b B-05 status=invalidated_acceptable cynefin=complicated t_created=2026-09-18T19:27:58Z t_updated=2026-09-18T19:50:17Z "paginate() supports the Gatsby /page/N path shape"
  vm:
    | Probe paginate() with a custom paths function in the W-01 scaffold.
  threshold:
    | Generated routes include /page/2 style paths.
  result:
    | Astro 7.3.3 PaginateOptions offers pageSize, params, props and format(url) with no paths option; paginate() emitted /page/, /page/2/, /page/3/ with the first page at the route base, so the bare-first-plus-page-N shape is not reachable with paginate(); manual getStaticPaths produced the exact Gatsby shape (B-06).

b B-06 status=validated cynefin=complicated t_created=2026-09-18T19:50:15Z t_updated=2026-09-18T19:50:16Z "Manual getStaticPaths emits the bare-first-plus-page-N URL set"
  vm:
    | Rest route with generated params group and group/page/N in getStaticPaths.
  threshold:
    | Emitted routes include the bare first page and /page/N continuation paths.
  result:
    | W-01 probe emitted /category/sample/, /category/sample/page/2/ and /category/sample/page/3/ in dist.

t T-01 status=open t_created=2026-09-18T19:25:47Z t_updated=2026-09-18T19:27:00Z "Legacy Gatsby platform constraints"

y Y-01 status=active t_created=2026-09-18T20:12:16Z t_updated=2026-09-18T20:12:17Z "Vite CSS modules must mirror webpack camelCase exports"
  tags: css-modules, vite
  surface: astro.config.ts, src/assets/styles/modules
  invariant:
    | Porting webpack css-loader code to Vite requires css.modules.localsConvention camelCase so kebab-case scss classes stay reachable through camelCase keys.
  why:
    | Without it styles.sidebarAuthor silently resolves to undefined and wrapper classes vanish from the markup (observed in W-04 before the fix).

a A-01 status=present t_created=2026-09-18T19:23:19Z t_updated=2026-09-18T19:23:19Z "Content pipeline"
  surface: content/, src/utils/to-kebab-case.ts

a A-02 status=present t_created=2026-09-18T19:23:19Z t_updated=2026-09-18T19:23:19Z "Pages and routing"
  surface: src/templates, internal/gatsby/create-pages.ts, internal/gatsby/constants

a A-03 status=present t_created=2026-09-18T19:23:19Z t_updated=2026-09-18T19:23:19Z "Interface and theming"
  surface: src/components, src/assets/styles, src/hooks

a A-04 status=present t_created=2026-09-18T19:23:19Z t_updated=2026-09-18T19:23:19Z "Site services"
  surface: gatsby-config.ts, sentry.config.ts, content/config.json

a A-05 status=present t_created=2026-09-18T19:23:19Z t_updated=2026-09-18T19:23:19Z "Toolchain and delivery"
  surface: package.json, .github, internal/scripts, internal/testing

e B-01 targets W-02 t_created=2026-09-18T19:27:23Z
e B-02 targets W-01 t_created=2026-09-18T19:27:56Z
e B-03 targets W-10 t_created=2026-09-18T19:27:57Z
e B-04 targets W-03 t_created=2026-09-18T19:27:57Z
e B-05 targets W-06 t_created=2026-09-18T19:27:58Z
e B-06 targets W-06 t_created=2026-09-18T19:50:15Z
e Q-01 asks W-05 t_created=2026-09-18T19:27:12Z
e Q-01 asks W-06 t_created=2026-09-18T19:27:12Z
e Q-02 asks W-11 t_created=2026-09-18T19:27:13Z
e Q-03 asks W-10 t_created=2026-09-18T19:27:13Z
e T-01 causes W-13 t_created=2026-09-18T19:27:00Z
e W-01 blocks W-02 t_created=2026-09-18T19:28:14Z
e W-01 blocks W-03 t_created=2026-09-18T19:28:14Z
e W-01 implements D-07 t_created=2026-09-18T19:28:17Z
e W-01 implements D-08 t_created=2026-09-18T19:28:17Z
e W-01 produces B-06 t_created=2026-09-18T19:50:16Z
e W-02 blocks W-05 t_created=2026-09-18T19:28:14Z
e W-02 blocks W-06 t_created=2026-09-18T19:28:14Z
e W-02 blocks W-07 t_created=2026-09-18T19:28:14Z
e W-02 blocks W-08 t_created=2026-09-18T19:28:15Z
e W-02 blocks W-09 t_created=2026-09-18T19:28:15Z
e W-02 implements D-05 t_created=2026-09-18T19:28:17Z
e W-03 blocks W-04 t_created=2026-09-18T19:28:15Z
e W-03 blocks W-05 t_created=2026-09-18T19:28:15Z
e W-03 implements D-03 t_created=2026-09-18T19:28:18Z
e W-04 blocks W-05 t_created=2026-09-18T19:28:15Z
e W-04 blocks W-11 t_created=2026-09-18T19:28:15Z
e W-04 implements D-02 t_created=2026-09-18T19:28:18Z
e W-04 implements D-10 t_created=2026-09-18T19:40:27Z
e W-05 blocks W-11 t_created=2026-09-18T19:28:16Z
e W-05 blocks W-12 t_created=2026-09-18T19:28:16Z
e W-05 implements D-10 t_created=2026-09-18T19:40:27Z
e W-06 blocks W-12 t_created=2026-09-18T19:28:16Z
e W-06 implements D-06 t_created=2026-09-18T19:28:18Z
e W-07 blocks W-05 t_created=2026-09-18T19:28:16Z
e W-07 implements D-04 t_created=2026-09-18T19:28:18Z
e W-08 blocks W-05 t_created=2026-09-18T19:28:16Z
e W-09 blocks W-12 t_created=2026-09-18T19:28:16Z
e W-10 blocks W-12 t_created=2026-09-18T19:28:17Z
e W-11 blocks W-13 t_created=2026-09-18T19:28:17Z
e W-12 blocks W-13 t_created=2026-09-18T19:28:17Z
e W-13 implements D-01 t_created=2026-09-18T19:28:18Z
e Y-01 distills B-04 t_created=2026-09-18T20:12:16Z
